// !$*UTF8*$!
{
	archiveVersion = 1;
	classes = {
	};
	objectVersion = 46;
	objects = {

/* Begin PBXBuildFile section */
		284917951EE03F3F00CCAFD1 /* EmptyCell.swift in Sources */ = {isa = PBXBuildFile; fileRef = 284917941EE03F3F00CCAFD1 /* EmptyCell.swift */; };
		289650D21EDB2DA200124242 /* HomeController.swift in Sources */ = {isa = PBXBuildFile; fileRef = 289650D11EDB2DA200124242 /* HomeController.swift */; };
		289650D91EDB708300124242 /* Mitr-Bold.ttf in Resources */ = {isa = PBXBuildFile; fileRef = 289650D31EDB708300124242 /* Mitr-Bold.ttf */; };
		289650DA1EDB708300124242 /* Mitr-ExtraLight.ttf in Resources */ = {isa = PBXBuildFile; fileRef = 289650D41EDB708300124242 /* Mitr-ExtraLight.ttf */; };
		289650DB1EDB708300124242 /* Mitr-Light.ttf in Resources */ = {isa = PBXBuildFile; fileRef = 289650D51EDB708300124242 /* Mitr-Light.ttf */; };
		289650DC1EDB708300124242 /* Mitr-Medium.ttf in Resources */ = {isa = PBXBuildFile; fileRef = 289650D61EDB708300124242 /* Mitr-Medium.ttf */; };
		289650DD1EDB708300124242 /* Mitr-Regular.ttf in Resources */ = {isa = PBXBuildFile; fileRef = 289650D71EDB708300124242 /* Mitr-Regular.ttf */; };
		289650DE1EDB708300124242 /* Mitr-SemiBold.ttf in Resources */ = {isa = PBXBuildFile; fileRef = 289650D81EDB708300124242 /* Mitr-SemiBold.ttf */; };
		28BCF2661EE00E8D00773504 /* RestaurantFullCell.swift in Sources */ = {isa = PBXBuildFile; fileRef = 28BCF2651EE00E8D00773504 /* RestaurantFullCell.swift */; };
		28BCF26A1EE00EAA00773504 /* RestaurantDuoCell.swift in Sources */ = {isa = PBXBuildFile; fileRef = 28BCF2691EE00EAA00773504 /* RestaurantDuoCell.swift */; };
		28BCF26D1EE0202900773504 /* DetailViewController.swift in Sources */ = {isa = PBXBuildFile; fileRef = 28BCF26C1EE0202900773504 /* DetailViewController.swift */; };
		28C708E41EDEE5BC00D2507C /* NetworkManager.swift in Sources */ = {isa = PBXBuildFile; fileRef = 28C708E31EDEE5BC00D2507C /* NetworkManager.swift */; };
		28C708E81EDEE7B500D2507C /* Restaurant.swift in Sources */ = {isa = PBXBuildFile; fileRef = 28C708E71EDEE7B500D2507C /* Restaurant.swift */; };
		A13A1D31B548EEE022540147 /* Pods_userLocation.framework in Frameworks */ = {isa = PBXBuildFile; fileRef = 90D8541904B189F846836B46 /* Pods_userLocation.framework */; };
		DEA88FD71D90415F00005FD0 /* AppDelegate.swift in Sources */ = {isa = PBXBuildFile; fileRef = DEA88FD61D90415F00005FD0 /* AppDelegate.swift */; };
		DEA88FDC1D90415F00005FD0 /* Main.storyboard in Resources */ = {isa = PBXBuildFile; fileRef = DEA88FDA1D90415F00005FD0 /* Main.storyboard */; };
		DEA88FDE1D90415F00005FD0 /* Assets.xcassets in Resources */ = {isa = PBXBuildFile; fileRef = DEA88FDD1D90415F00005FD0 /* Assets.xcassets */; };
		DEA88FE11D90415F00005FD0 /* LaunchScreen.storyboard in Resources */ = {isa = PBXBuildFile; fileRef = DEA88FDF1D90415F00005FD0 /* LaunchScreen.storyboard */; };
		DEA88FEA1D9041A100005FD0 /* CoreLocation.framework in Frameworks */ = {isa = PBXBuildFile; fileRef = DEA88FE91D9041A100005FD0 /* CoreLocation.framework */; };
/* End PBXBuildFile section */

/* Begin PBXFileReference section */
		284917941EE03F3F00CCAFD1 /* EmptyCell.swift */ = {isa = PBXFileReference; fileEncoding = 4; lastKnownFileType = sourcecode.swift; path = EmptyCell.swift; sourceTree = "<group>"; };
		289650D11EDB2DA200124242 /* HomeController.swift */ = {isa = PBXFileReference; fileEncoding = 4; lastKnownFileType = sourcecode.swift; path = HomeController.swift; sourceTree = "<group>"; };
		289650D31EDB708300124242 /* Mitr-Bold.ttf */ = {isa = PBXFileReference; lastKnownFileType = file; path = "Mitr-Bold.ttf"; sourceTree = "<group>"; };
		289650D41EDB708300124242 /* Mitr-ExtraLight.ttf */ = {isa = PBXFileReference; lastKnownFileType = file; path = "Mitr-ExtraLight.ttf"; sourceTree = "<group>"; };
		289650D51EDB708300124242 /* Mitr-Light.ttf */ = {isa = PBXFileReference; lastKnownFileType = file; path = "Mitr-Light.ttf"; sourceTree = "<group>"; };
		289650D61EDB708300124242 /* Mitr-Medium.ttf */ = {isa = PBXFileReference; lastKnownFileType = file; path = "Mitr-Medium.ttf"; sourceTree = "<group>"; };
		289650D71EDB708300124242 /* Mitr-Regular.ttf */ = {isa = PBXFileReference; lastKnownFileType = file; path = "Mitr-Regular.ttf"; sourceTree = "<group>"; };
		289650D81EDB708300124242 /* Mitr-SemiBold.ttf */ = {isa = PBXFileReference; lastKnownFileType = file; path = "Mitr-SemiBold.ttf"; sourceTree = "<group>"; };
		28BCF2651EE00E8D00773504 /* RestaurantFullCell.swift */ = {isa = PBXFileReference; fileEncoding = 4; lastKnownFileType = sourcecode.swift; path = RestaurantFullCell.swift; sourceTree = "<group>"; };
		28BCF2691EE00EAA00773504 /* RestaurantDuoCell.swift */ = {isa = PBXFileReference; fileEncoding = 4; lastKnownFileType = sourcecode.swift; path = RestaurantDuoCell.swift; sourceTree = "<group>"; };
		28BCF26C1EE0202900773504 /* DetailViewController.swift */ = {isa = PBXFileReference; fileEncoding = 4; lastKnownFileType = sourcecode.swift; path = DetailViewController.swift; sourceTree = "<group>"; };
		28C708E31EDEE5BC00D2507C /* NetworkManager.swift */ = {isa = PBXFileReference; fileEncoding = 4; lastKnownFileType = sourcecode.swift; path = NetworkManager.swift; sourceTree = "<group>"; };
		28C708E71EDEE7B500D2507C /* Restaurant.swift */ = {isa = PBXFileReference; fileEncoding = 4; lastKnownFileType = sourcecode.swift; path = Restaurant.swift; sourceTree = "<group>"; };
		474E2EC2D3D2EFB911FA3209 /* Pods-userLocation.debug.xcconfig */ = {isa = PBXFileReference; includeInIndex = 1; lastKnownFileType = text.xcconfig; name = "Pods-userLocation.debug.xcconfig"; path = "Pods/Target Support Files/Pods-userLocation/Pods-userLocation.debug.xcconfig"; sourceTree = "<group>"; };
		90D8541904B189F846836B46 /* Pods_userLocation.framework */ = {isa = PBXFileReference; explicitFileType = wrapper.framework; includeInIndex = 0; path = Pods_userLocation.framework; sourceTree = BUILT_PRODUCTS_DIR; };
		CA6FB1E5EC67C23712CD6A92 /* Pods-userLocation.release.xcconfig */ = {isa = PBXFileReference; includeInIndex = 1; lastKnownFileType = text.xcconfig; name = "Pods-userLocation.release.xcconfig"; path = "Pods/Target Support Files/Pods-userLocation/Pods-userLocation.release.xcconfig"; sourceTree = "<group>"; };
		DEA88FD31D90415F00005FD0 /* userLocation.app */ = {isa = PBXFileReference; explicitFileType = wrapper.application; includeInIndex = 0; path = userLocation.app; sourceTree = BUILT_PRODUCTS_DIR; };
		DEA88FD61D90415F00005FD0 /* AppDelegate.swift */ = {isa = PBXFileReference; lastKnownFileType = sourcecode.swift; path = AppDelegate.swift; sourceTree = "<group>"; };
		DEA88FDB1D90415F00005FD0 /* Base */ = {isa = PBXFileReference; lastKnownFileType = file.storyboard; name = Base; path = Base.lproj/Main.storyboard; sourceTree = "<group>"; };
		DEA88FDD1D90415F00005FD0 /* Assets.xcassets */ = {isa = PBXFileReference; lastKnownFileType = folder.assetcatalog; path = Assets.xcassets; sourceTree = "<group>"; };
		DEA88FE01D90415F00005FD0 /* Base */ = {isa = PBXFileReference; lastKnownFileType = file.storyboard; name = Base; path = Base.lproj/LaunchScreen.storyboard; sourceTree = "<group>"; };
		DEA88FE21D90415F00005FD0 /* Info.plist */ = {isa = PBXFileReference; lastKnownFileType = text.plist.xml; path = Info.plist; sourceTree = "<group>"; };
		DEA88FE91D9041A100005FD0 /* CoreLocation.framework */ = {isa = PBXFileReference; lastKnownFileType = wrapper.framework; name = CoreLocation.framework; path = System/Library/Frameworks/CoreLocation.framework; sourceTree = SDKROOT; };
/* End PBXFileReference section */

/* Begin PBXFrameworksBuildPhase section */
		DEA88FD01D90415F00005FD0 /* Frameworks */ = {
			isa = PBXFrameworksBuildPhase;
			buildActionMask = 2147483647;
			files = (
				DEA88FEA1D9041A100005FD0 /* CoreLocation.framework in Frameworks */,
				A13A1D31B548EEE022540147 /* Pods_userLocation.framework in Frameworks */,
			);
			runOnlyForDeploymentPostprocessing = 0;
		};
/* End PBXFrameworksBuildPhase section */

/* Begin PBXGroup section */
		138932ED330B891726565A54 /* Pods */ = {
			isa = PBXGroup;
			children = (
				474E2EC2D3D2EFB911FA3209 /* Pods-userLocation.debug.xcconfig */,
				CA6FB1E5EC67C23712CD6A92 /* Pods-userLocation.release.xcconfig */,
			);
			name = Pods;
			sourceTree = "<group>";
		};
		289650DF1EDB708B00124242 /* Fonts */ = {
			isa = PBXGroup;
			children = (
				289650D31EDB708300124242 /* Mitr-Bold.ttf */,
				289650D41EDB708300124242 /* Mitr-ExtraLight.ttf */,
				289650D51EDB708300124242 /* Mitr-Light.ttf */,
				289650D61EDB708300124242 /* Mitr-Medium.ttf */,
				289650D71EDB708300124242 /* Mitr-Regular.ttf */,
				289650D81EDB708300124242 /* Mitr-SemiBold.ttf */,
			);
			name = Fonts;
			sourceTree = "<group>";
		};
		28C708DF1EDEE53500D2507C /* Controllers */ = {
			isa = PBXGroup;
			children = (
				289650D11EDB2DA200124242 /* HomeController.swift */,
				28BCF26C1EE0202900773504 /* DetailViewController.swift */,
			);
			name = Controllers;
			sourceTree = "<group>";
		};
		28C708E01EDEE54E00D2507C /* Cells */ = {
			isa = PBXGroup;
			children = (
				28BCF2651EE00E8D00773504 /* RestaurantFullCell.swift */,
				28BCF2691EE00EAA00773504 /* RestaurantDuoCell.swift */,
				284917941EE03F3F00CCAFD1 /* EmptyCell.swift */,
			);
			name = Cells;
			sourceTree = "<group>";
		};
		28C708E11EDEE55800D2507C /* Managers */ = {
			isa = PBXGroup;
			children = (
				28C708E31EDEE5BC00D2507C /* NetworkManager.swift */,
			);
			name = Managers;
			sourceTree = "<group>";
		};
		28C708E21EDEE55E00D2507C /* Models */ = {
			isa = PBXGroup;
			children = (
				28C708E71EDEE7B500D2507C /* Restaurant.swift */,
			);
			name = Models;
			sourceTree = "<group>";
		};
		DEA88FCA1D90415F00005FD0 = {
			isa = PBXGroup;
			children = (
				DEA88FD51D90415F00005FD0 /* userLocation */,
				DEA88FD41D90415F00005FD0 /* Products */,
				DEA88FE81D9041A100005FD0 /* Frameworks */,
				138932ED330B891726565A54 /* Pods */,
			);
			sourceTree = "<group>";
		};
		DEA88FD41D90415F00005FD0 /* Products */ = {
			isa = PBXGroup;
			children = (
				DEA88FD31D90415F00005FD0 /* userLocation.app */,
			);
			name = Products;
			sourceTree = "<group>";
		};
		DEA88FD51D90415F00005FD0 /* userLocation */ = {
			isa = PBXGroup;
			children = (
				28C708E21EDEE55E00D2507C /* Models */,
				28C708E11EDEE55800D2507C /* Managers */,
				28C708E01EDEE54E00D2507C /* Cells */,
				28C708DF1EDEE53500D2507C /* Controllers */,
				289650DF1EDB708B00124242 /* Fonts */,
				DEA88FD61D90415F00005FD0 /* AppDelegate.swift */,
				DEA88FDA1D90415F00005FD0 /* Main.storyboard */,
				DEA88FDD1D90415F00005FD0 /* Assets.xcassets */,
				DEA88FDF1D90415F00005FD0 /* LaunchScreen.storyboard */,
				DEA88FE21D90415F00005FD0 /* Info.plist */,
			);
			path = userLocation;
			sourceTree = "<group>";
		};
		DEA88FE81D9041A100005FD0 /* Frameworks */ = {
			isa = PBXGroup;
			children = (
				DEA88FE91D9041A100005FD0 /* CoreLocation.framework */,
				90D8541904B189F846836B46 /* Pods_userLocation.framework */,
			);
			name = Frameworks;
			sourceTree = "<group>";
		};
/* End PBXGroup section */

/* Begin PBXNativeTarget section */
		DEA88FD21D90415F00005FD0 /* userLocation */ = {
			isa = PBXNativeTarget;
			buildConfigurationList = DEA88FE51D90415F00005FD0 /* Build configuration list for PBXNativeTarget "userLocation" */;
			buildPhases = (
				EE3A010CB0ECC096587D96B6 /* [CP] Check Pods Manifest.lock */,
				DEA88FCF1D90415F00005FD0 /* Sources */,
				DEA88FD01D90415F00005FD0 /* Frameworks */,
				DEA88FD11D90415F00005FD0 /* Resources */,
				FD6B58001BA10B272C1CAAB4 /* [CP] Embed Pods Frameworks */,
				03949D42EF3747E95B4FF01E /* [CP] Copy Pods Resources */,
			);
			buildRules = (
			);
			dependencies = (
			);
			name = userLocation;
			productName = userLocation;
			productReference = DEA88FD31D90415F00005FD0 /* userLocation.app */;
			productType = "com.apple.product-type.application";
		};
/* End PBXNativeTarget section */

/* Begin PBXProject section */
		DEA88FCB1D90415F00005FD0 /* Project object */ = {
			isa = PBXProject;
			attributes = {
				LastSwiftUpdateCheck = 0800;
				LastUpgradeCheck = 0800;
				ORGANIZATIONNAME = MAGNUMIUM;
				TargetAttributes = {
					DEA88FD21D90415F00005FD0 = {
						CreatedOnToolsVersion = 8.0;
						ProvisioningStyle = Automatic;
					};
				};
			};
			buildConfigurationList = DEA88FCE1D90415F00005FD0 /* Build configuration list for PBXProject "userLocation" */;
			compatibilityVersion = "Xcode 3.2";
			developmentRegion = English;
			hasScannedForEncodings = 0;
			knownRegions = (
				en,
				Base,
			);
			mainGroup = DEA88FCA1D90415F00005FD0;
			productRefGroup = DEA88FD41D90415F00005FD0 /* Products */;
			projectDirPath = "";
			projectRoot = "";
			targets = (
				DEA88FD21D90415F00005FD0 /* userLocation */,
			);
		};
/* End PBXProject section */

/* Begin PBXResourcesBuildPhase section */
		DEA88FD11D90415F00005FD0 /* Resources */ = {
			isa = PBXResourcesBuildPhase;
			buildActionMask = 2147483647;
			files = (
				289650DC1EDB708300124242 /* Mitr-Medium.ttf in Resources */,
				DEA88FE11D90415F00005FD0 /* LaunchScreen.storyboard in Resources */,
				DEA88FDE1D90415F00005FD0 /* Assets.xcassets in Resources */,
				289650DE1EDB708300124242 /* Mitr-SemiBold.ttf in Resources */,
				DEA88FDC1D90415F00005FD0 /* Main.storyboard in Resources */,
				289650DA1EDB708300124242 /* Mitr-ExtraLight.ttf in Resources */,
				289650D91EDB708300124242 /* Mitr-Bold.ttf in Resources */,
				289650DB1EDB708300124242 /* Mitr-Light.ttf in Resources */,
				289650DD1EDB708300124242 /* Mitr-Regular.ttf in Resources */,
			);
			runOnlyForDeploymentPostprocessing = 0;
		};
/* End PBXResourcesBuildPhase section */

/* Begin PBXShellScriptBuildPhase section */
		03949D42EF3747E95B4FF01E /* [CP] Copy Pods Resources */ = {
			isa = PBXShellScriptBuildPhase;
			buildActionMask = 2147483647;
			files = (
			);
			inputPaths = (
			);
			name = "[CP] Copy Pods Resources";
			outputPaths = (
			);
			runOnlyForDeploymentPostprocessing = 0;
			shellPath = /bin/sh;
			shellScript = "\"${SRCROOT}/Pods/Target Support Files/Pods-userLocation/Pods-userLocation-resources.sh\"\n";
			showEnvVarsInLog = 0;
		};
		EE3A010CB0ECC096587D96B6 /* [CP] Check Pods Manifest.lock */ = {
			isa = PBXShellScriptBuildPhase;
			buildActionMask = 2147483647;
			files = (
			);
			inputPaths = (
			);
			name = "[CP] Check Pods Manifest.lock";
			outputPaths = (
			);
			runOnlyForDeploymentPostprocessing = 0;
			shellPath = /bin/sh;
			shellScript = "diff \"${PODS_PODFILE_DIR_PATH}/Podfile.lock\" \"${PODS_ROOT}/Manifest.lock\" > /dev/null\nif [ $? != 0 ] ; then\n    # print error to STDERR\n    echo \"error: The sandbox is not in sync with the Podfile.lock. Run 'pod install' or update your CocoaPods installation.\" >&2\n    exit 1\nfi\n";
			showEnvVarsInLog = 0;
		};
		FD6B58001BA10B272C1CAAB4 /* [CP] Embed Pods Frameworks */ = {
			isa = PBXShellScriptBuildPhase;
			buildActionMask = 2147483647;
			files = (
			);
			inputPaths = (
			);
			name = "[CP] Embed Pods Frameworks";
			outputPaths = (
			);
			runOnlyForDeploymentPostprocessing = 0;
			shellPath = /bin/sh;
			shellScript = "\"${SRCROOT}/Pods/Target Support Files/Pods-userLocation/Pods-userLocation-frameworks.sh\"\n";
			showEnvVarsInLog = 0;
		};
/* End PBXShellScriptBuildPhase section */

/* Begin PBXSourcesBuildPhase section */
		DEA88FCF1D90415F00005FD0 /* Sources */ = {
			isa = PBXSourcesBuildPhase;
			buildActionMask = 2147483647;
			files = (
				28C708E41EDEE5BC00D2507C /* NetworkManager.swift in Sources */,
				284917951EE03F3F00CCAFD1 /* EmptyCell.swift in Sources */,
				28C708E81EDEE7B500D2507C /* Restaurant.swift in Sources */,
				28BCF26A1EE00EAA00773504 /* RestaurantDuoCell.swift in Sources */,
				28BCF2661EE00E8D00773504 /* RestaurantFullCell.swift in Sources */,
				DEA88FD71D90415F00005FD0 /* AppDelegate.swift in Sources */,
				289650D21EDB2DA200124242 /* HomeController.swift in Sources */,
				28BCF26D1EE0202900773504 /* DetailViewController.swift in Sources */,
			);
			runOnlyForDeploymentPostprocessing = 0;
		};
/* End PBXSourcesBuildPhase section */

/* Begin PBXVariantGroup section */
		DEA88FDA1D90415F00005FD0 /* Main.storyboard */ = {
			isa = PBXVariantGroup;
			children = (
				DEA88FDB1D90415F00005FD0 /* Base */,
			);
			name = Main.storyboard;
			sourceTree = "<group>";
		};
		DEA88FDF1D90415F00005FD0 /* LaunchScreen.storyboard */ = {
			isa = PBXVariantGroup;
			children = (
				DEA88FE01D90415F00005FD0 /* Base */,
			);
			name = LaunchScreen.storyboard;
			sourceTree = "<group>";
		};
/* End PBXVariantGroup section */

/* Begin XCBuildConfiguration section */
		DEA88FE31D90415F00005FD0 /* Debug */ = {
			isa = XCBuildConfiguration;
			buildSettings = {
				ALWAYS_SEARCH_USER_PATHS = NO;
				CLANG_ANALYZER_NONNULL = YES;
				CLANG_CXX_LANGUAGE_STANDARD = "gnu++0x";
				CLANG_CXX_LIBRARY = "libc++";
				CLANG_ENABLE_MODULES = YES;
				CLANG_ENABLE_OBJC_ARC = YES;
				CLANG_WARN_BOOL_CONVERSION = YES;
				CLANG_WARN_CONSTANT_CONVERSION = YES;
				CLANG_WARN_DIRECT_OBJC_ISA_USAGE = YES_ERROR;
				CLANG_WARN_DOCUMENTATION_COMMENTS = YES;
				CLANG_WARN_EMPTY_BODY = YES;
				CLANG_WARN_ENUM_CONVERSION = YES;
				CLANG_WARN_INFINITE_RECURSION = YES;
				CLANG_WARN_INT_CONVERSION = YES;
				CLANG_WARN_OBJC_ROOT_CLASS = YES_ERROR;
				CLANG_WARN_SUSPICIOUS_MOVES = YES;
				CLANG_WARN_UNREACHABLE_CODE = YES;
				CLANG_WARN__DUPLICATE_METHOD_MATCH = YES;
				"CODE_SIGN_IDENTITY[sdk=iphoneos*]" = "iPhone Developer";
				COPY_PHASE_STRIP = NO;
				DEBUG_INFORMATION_FORMAT = dwarf;
				ENABLE_STRICT_OBJC_MSGSEND = YES;
				ENABLE_TESTABILITY = YES;
				GCC_C_LANGUAGE_STANDARD = gnu99;
				GCC_DYNAMIC_NO_PIC = NO;
				GCC_NO_COMMON_BLOCKS = YES;
				GCC_OPTIMIZATION_LEVEL = 0;
				GCC_PREPROCESSOR_DEFINITIONS = (
					"DEBUG=1",
					"$(inherited)",
				);
				GCC_WARN_64_TO_32_BIT_CONVERSION = YES;
				GCC_WARN_ABOUT_RETURN_TYPE = YES_ERROR;
				GCC_WARN_UNDECLARED_SELECTOR = YES;
				GCC_WARN_UNINITIALIZED_AUTOS = YES_AGGRESSIVE;
				GCC_WARN_UNUSED_FUNCTION = YES;
				GCC_WARN_UNUSED_VARIABLE = YES;
				IPHONEOS_DEPLOYMENT_TARGET = 10.0;
				MTL_ENABLE_DEBUG_INFO = YES;
				ONLY_ACTIVE_ARCH = YES;
				SDKROOT = iphoneos;
				SWIFT_ACTIVE_COMPILATION_CONDITIONS = DEBUG;
				SWIFT_OPTIMIZATION_LEVEL = "-Onone";
			};
			name = Debug;
		};
		DEA88FE41D90415F00005FD0 /* Release */ = {
			isa = XCBuildConfiguration;
			buildSettings = {
				ALWAYS_SEARCH_USER_PATHS = NO;
				CLANG_ANALYZER_NONNULL = YES;
				CLANG_CXX_LANGUAGE_STANDARD = "gnu++0x";
				CLANG_CXX_LIBRARY = "libc++";
				CLANG_ENABLE_MODULES = YES;
				CLANG_ENABLE_OBJC_ARC = YES;
				CLANG_WARN_BOOL_CONVERSION = YES;
				CLANG_WARN_CONSTANT_CONVERSION = YES;
				CLANG_WARN_DIRECT_OBJC_ISA_USAGE = YES_ERROR;
				CLANG_WARN_DOCUMENTATION_COMMENTS = YES;
				CLANG_WARN_EMPTY_BODY = YES;
				CLANG_WARN_ENUM_CONVERSION = YES;
				CLANG_WARN_INFINITE_RECURSION = YES;
				CLANG_WARN_INT_CONVERSION = YES;
				CLANG_WARN_OBJC_ROOT_CLASS = YES_ERROR;
				CLANG_WARN_SUSPICIOUS_MOVES = YES;
				CLANG_WARN_UNREACHABLE_CODE = YES;
				CLANG_WARN__DUPLICATE_METHOD_MATCH = YES;
				"CODE_SIGN_IDENTITY[sdk=iphoneos*]" = "iPhone Developer";
				COPY_PHASE_STRIP = NO;
				DEBUG_INFORMATION_FORMAT = "dwarf-with-dsym";
				ENABLE_NS_ASSERTIONS = NO;
				ENABLE_STRICT_OBJC_MSGSEND = YES;
				GCC_C_LANGUAGE_STANDARD = gnu99;
				GCC_NO_COMMON_BLOCKS = YES;
				GCC_WARN_64_TO_32_BIT_CONVERSION = YES;
				GCC_WARN_ABOUT_RETURN_TYPE = YES_ERROR;
				GCC_WARN_UNDECLARED_SELECTOR = YES;
				GCC_WARN_UNINITIALIZED_AUTOS = YES_AGGRESSIVE;
				GCC_WARN_UNUSED_FUNCTION = YES;
				GCC_WARN_UNUSED_VARIABLE = YES;
				IPHONEOS_DEPLOYMENT_TARGET = 10.0;
				MTL_ENABLE_DEBUG_INFO = NO;
				SDKROOT = iphoneos;
				SWIFT_OPTIMIZATION_LEVEL = "-Owholemodule";
				VALIDATE_PRODUCT = YES;
			};
			name = Release;
		};
		DEA88FE61D90415F00005FD0 /* Debug */ = {
			isa = XCBuildConfiguration;
			baseConfigurationReference = 474E2EC2D3D2EFB911FA3209 /* Pods-userLocation.debug.xcconfig */;
			buildSettings = {
				ASSETCATALOG_COMPILER_APPICON_NAME = AppIcon;
				INFOPLIST_FILE = userLocation/Info.plist;
				LD_RUNPATH_SEARCH_PATHS = "$(inherited) @executable_path/Frameworks";
				PRODUCT_BUNDLE_IDENTIFIER = com.Sebastian.userLocation;
				PRODUCT_NAME = "$(TARGET_NAME)";
				SWIFT_VERSION = 3.0;
			};
			name = Debug;
		};
		DEA88FE71D90415F00005FD0 /* Release */ = {
			isa = XCBuildConfiguration;
			baseConfigurationReference = CA6FB1E5EC67C23712CD6A92 /* Pods-userLocation.release.xcconfig */;
			buildSettings = {
				ASSETCATALOG_COMPILER_APPICON_NAME = AppIcon;
				INFOPLIST_FILE = userLocation/Info.plist;
				LD_RUNPATH_SEARCH_PATHS = "$(inherited) @executable_path/Frameworks";
				PRODUCT_BUNDLE_IDENTIFIER = com.Sebastian.userLocation;
				PRODUCT_NAME = "$(TARGET_NAME)";
				SWIFT_VERSION = 3.0;
			};
			name = Release;
		};
/* End XCBuildConfiguration section */

/* Begin XCConfigurationList section */
		DEA88FCE1D90415F00005FD0 /* Build configuration list for PBXProject "userLocation" */ = {
			isa = XCConfigurationList;
			buildConfigurations = (
				DEA88FE31D90415F00005FD0 /* Debug */,
				DEA88FE41D90415F00005FD0 /* Release */,
			);
			defaultConfigurationIsVisible = 0;
			defaultConfigurationName = Release;
		};
		DEA88FE51D90415F00005FD0 /* Build configuration list for PBXNativeTarget "userLocation" */ = {
			isa = XCConfigurationList;
			buildConfigurations = (
				DEA88FE61D90415F00005FD0 /* Debug */,
				DEA88FE71D90415F00005FD0 /* Release */,
			);
			defaultConfigurationIsVisible = 0;
			defaultConfigurationName = Release;
		};
/* End XCConfigurationList section */
	};
	rootObject = DEA88FCB1D90415F00005FD0 /* Project object */;
}
